
Microsoft Visual Studio Solution File, Format Version 12.00
# Visual Studio Version 17
VisualStudioVersion = 17.0.32112.339
MinimumVisualStudioVersion = 10.0.40219.1
Project("{FAE04EC0-301F-11D3-BF4B-00C04F79EFBC}") = "Office", "Office\Office.csproj", "{56E4DE39-CCDF-4A7D-A3B2-7C92002E8DE8}"
EndProject
Global
	GlobalSection(SolutionConfigurationPlatforms) = preSolution
		Debug|Any CPU = Debug|Any CPU
		Release|Any CPU = Release|Any CPU
	EndGlobalSection
	GlobalSection(ProjectConfigurationPlatforms) = postSolution
		{56E4DE39-CCDF-4A7D-A3B2-7C92002E8DE8}.Debug|Any CPU.ActiveCfg = Debug|Any CPU
		{56E4DE39-CCDF-4A7D-A3B2-7C92002E8DE8}.Debug|Any CPU.Build.0 = Debug|Any CPU
		{56E4DE39-CCDF-4A7D-A3B2-7C92002E8DE8}.Release|Any CPU.ActiveCfg = Release|Any CPU
		{56E4DE39-CCDF-4A7D-A3B2-7C92002E8DE8}.Release|Any CPU.Build.0 = Release|Any CPU
	EndGlobalSection
	GlobalSection(SolutionProperties) = preSolution
		HideSolutionNode = FALSE
	EndGlobalSection
	GlobalSection(ExtensibilityGlobals) = postSolution
		SolutionGuid = {4CEC8837-35F2-4DB0-8B38-4A11D9D7AC05}
	EndGlobalSection
EndGlobal
